<?xml version="1.0" encoding="utf-8"?>
<Project ToolsVersion="4.0" xmlns="http://schemas.microsoft.com/developer/msbuild/2003">
  <ItemGroup>
    <Filter Include="Fichiers sources">
      <UniqueIdentifier>{4FC737F1-C7A5-4376-A066-2A32D752A2FF}</UniqueIdentifier>
      <Extensions>cpp;c;cc;cxx;c++;cppm;ixx;def;odl;idl;hpj;bat;asm;asmx</Extensions>
    </Filter>
    <Filter Include="Fichiers d%27en-tête">
      <UniqueIdentifier>{93995380-89BD-4b04-88EB-625FBE52EBFB}</UniqueIdentifier>
      <Extensions>h;hh;hpp;hxx;h++;hm;inl;inc;ipp;xsd</Extensions>
    </Filter>
    <Filter Include="Fichiers de ressources">
      <UniqueIdentifier>{67DA6AB6-F800-4c08-8B7A-83BB121AAD01}</UniqueIdentifier>
      <Extensions>rc;ico;cur;bmp;dlg;rc2;rct;bin;rgs;gif;jpg;jpeg;jpe;resx;tiff;tif;png;wav;mfcribbon-ms</Extensions>
    </Filter>
    <Filter Include="States">
      <UniqueIdentifier>{50e78278-2c2d-4615-b52a-e0654eb34863}</UniqueIdentifier>
    </Filter>
    <Filter Include="States\Game">
      <UniqueIdentifier>{84dfc58a-5a5e-4973-95c5-cfc952d7ef2d}</UniqueIdentifier>
    </Filter>
    <Filter Include="States\Menu">
      <UniqueIdentifier>{f869bc6f-7326-460d-8f1f-fa964e674f6c}</UniqueIdentifier>
    </Filter>
    <Filter Include="Entities">
      <UniqueIdentifier>{799ed571-02c2-44b8-a47a-8f93ec0768e4}</UniqueIdentifier>
    </Filter>
    <Filter Include="States\Menu\Menu Pause">
      <UniqueIdentifier>{0a9309a5-ba0e-4455-9568-03eb38b76f2b}</UniqueIdentifier>
    </Filter>
    <Filter Include="Entities\pokemon">
      <UniqueIdentifier>{82533abb-c8e5-44aa-9a0b-ea006cad1e19}</UniqueIdentifier>
    </Filter>
  </ItemGroup>
  <ItemGroup>
    <ClCompile Include="Main.cpp">
      <Filter>Fichiers sources</Filter>
    </ClCompile>
    <ClCompile Include="Game.cpp">
      <Filter>Fichiers sources</Filter>
    </ClCompile>
    <ClCompile Include="State.cpp">
      <Filter>States</Filter>
    </ClCompile>
    <ClCompile Include="GameState.cpp">
      <Filter>States\Game</Filter>
    </ClCompile>
    <ClCompile Include="MainMenuState.cpp">
      <Filter>States\Menu</Filter>
    </ClCompile>
    <ClCompile Include="Entity.cpp">
      <Filter>Entities</Filter>
    </ClCompile>
    <ClCompile Include="Gui.cpp">
      <Filter>Fichiers de ressources</Filter>
    </ClCompile>
    <ClCompile Include="Player.cpp">
      <Filter>Entities</Filter>
    </ClCompile>
    <ClCompile Include="Background.cpp">
      <Filter>States\Game</Filter>
    </ClCompile>
    <ClCompile Include="PauseMenu.cpp">
      <Filter>States\Menu\Menu Pause</Filter>
    </ClCompile>
    <ClCompile Include="SettingsState.cpp">
      <Filter>States\Menu</Filter>
    </ClCompile>
    <ClCompile Include="GraphicsSettings.cpp">
      <Filter>Fichiers sources</Filter>
    </ClCompile>
    <ClCompile Include="Capacite.cpp">
      <Filter>Entities\pokemon</Filter>
    </ClCompile>
    <ClCompile Include="Pokemon.cpp">
      <Filter>Entities\pokemon</Filter>
    </ClCompile>
    <ClCompile Include="CombatState.cpp">
      <Filter>States\Game</Filter>
    </ClCompile>
  </ItemGroup>
  <ItemGroup>
    <ClInclude Include="Game.h">
      <Filter>Fichiers d%27en-tête</Filter>
    </ClInclude>
    <ClInclude Include="State.h">
      <Filter>States</Filter>
    </ClInclude>
    <ClInclude Include="GameState.h">
      <Filter>States\Game</Filter>
    </ClInclude>
    <ClInclude Include="MainMenuState.h">
      <Filter>States\Menu</Filter>
    </ClInclude>
    <ClInclude Include="Entity.h">
      <Filter>Entities</Filter>
    </ClInclude>
    <ClInclude Include="Gui.h">
      <Filter>Fichiers de ressources</Filter>
    </ClInclude>
    <ClInclude Include="Player.h">
      <Filter>Entities</Filter>
    </ClInclude>
    <ClInclude Include="Background.h">
      <Filter>States\Game</Filter>
    </ClInclude>
    <ClInclude Include="PauseMenu.h">
      <Filter>States\Menu\Menu Pause</Filter>
    </ClInclude>
    <ClInclude Include="SettingsState.h">
      <Filter>States\Menu</Filter>
    </ClInclude>
    <ClInclude Include="GraphicsSettings.h">
      <Filter>Fichiers d%27en-tête</Filter>
    </ClInclude>
    <ClInclude Include="Capacite.h">
      <Filter>Entities\pokemon</Filter>
    </ClInclude>
    <ClInclude Include="Pokemon.h">
      <Filter>Entities\pokemon</Filter>
    </ClInclude>
    <ClInclude Include="CombatState.h">
      <Filter>States\Game</Filter>
    </ClInclude>
  </ItemGroup>
</Project>